
Microsoft Visual Studio Solution File, Format Version 12.00
# Visual Studio Version 16
VisualStudioVersion = 16.0.31105.61
MinimumVisualStudioVersion = 10.0.40219.1
Project("{FAE04EC0-301F-11D3-BF4B-00C04F79EFBC}") = "SiacaCSAPI", "SiacaCSAPI\SiacaCSAPI.csproj", "{9FFE7523-C3F7-424E-BDBA-897CEE83C75E}"
EndProject
Global
	GlobalSection(SolutionConfigurationPlatforms) = preSolution
		Debug|Any CPU = Debug|Any CPU
		Release|Any CPU = Release|Any CPU
	EndGlobalSection
	GlobalSection(ProjectConfigurationPlatforms) = postSolution
		{9FFE7523-C3F7-424E-BDBA-897CEE83C75E}.Debug|Any CPU.ActiveCfg = Debug|Any CPU
		{9FFE7523-C3F7-424E-BDBA-897CEE83C75E}.Debug|Any CPU.Build.0 = Debug|Any CPU
		{9FFE7523-C3F7-424E-BDBA-897CEE83C75E}.Release|Any CPU.ActiveCfg = Release|Any CPU
		{9FFE7523-C3F7-424E-BDBA-897CEE83C75E}.Release|Any CPU.Build.0 = Release|Any CPU
	EndGlobalSection
	GlobalSection(SolutionProperties) = preSolution
		HideSolutionNode = FALSE
	EndGlobalSection
	GlobalSection(ExtensibilityGlobals) = postSolution
		SolutionGuid = {F9318E43-BA2D-491A-BB4C-542D72C9DACB}
	EndGlobalSection
EndGlobal
